// !$*UTF8*$!
{
	archiveVersion = 1;
	classes = {
	};
	objectVersion = 46;
	objects = {

/* Begin PBXAggregateTarget section */
		4BFF74B31D9B4BC28155F5BD /* ZERO_CHECK */ = {
			isa = PBXAggregateTarget;
			buildConfigurationList = C652E9E43FE64C369B76262B /* Build configuration list for PBXAggregateTarget "ZERO_CHECK" */;
			buildPhases = (
				6CFF1924921442149EE7843E /* CMake Rules */,
			);
			dependencies = (
			);
			name = ZERO_CHECK;
			productName = ZERO_CHECK;
		};
		61EA45374E48475298EFCB0B /* ALL_BUILD */ = {
			isa = PBXAggregateTarget;
			buildConfigurationList = CDB9818033914E4A80F56DA7 /* Build configuration list for PBXAggregateTarget "ALL_BUILD" */;
			buildPhases = (
				B7207BE25E8846A897A927E0 /* CMake Rules */,
			);
			dependencies = (
				177326C0C31B45EF8698C79E /* PBXTargetDependency */,
				ABD399E428874058A5EDD652 /* PBXTargetDependency */,
			);
			name = ALL_BUILD;
			productName = ALL_BUILD;
		};
/* End PBXAggregateTarget section */

/* Begin PBXBuildFile section */
		0446BC8CBBED4D35A4DA028C /* /Users/qitonghu/Desktop/udacity-term2/CarND-Extended-Kalman-Filter-Project/src/tools.cpp */ = {isa = PBXBuildFile; fileRef = E493C3718A6E4F6C8285ABA7 /* /Users/qitonghu/Desktop/udacity-term2/CarND-Extended-Kalman-Filter-Project/src/tools.cpp */; };
		3E973360519E4868980453A2 /* /Users/qitonghu/Desktop/udacity-term2/CarND-Extended-Kalman-Filter-Project/src/main.cpp */ = {isa = PBXBuildFile; fileRef = 18DBFE3EDC964EB28A850BCC /* /Users/qitonghu/Desktop/udacity-term2/CarND-Extended-Kalman-Filter-Project/src/main.cpp */; };
		6B315D5393D8486AA48DC1CC /* /Users/qitonghu/Desktop/udacity-term2/CarND-Extended-Kalman-Filter-Project/src/kalman_filter.cpp */ = {isa = PBXBuildFile; fileRef = C268F25B913344E38555DA96 /* /Users/qitonghu/Desktop/udacity-term2/CarND-Extended-Kalman-Filter-Project/src/kalman_filter.cpp */; };
		A1C8623D5F6B4C109419BB72 /* /Users/qitonghu/Desktop/udacity-term2/CarND-Extended-Kalman-Filter-Project/src/FusionEKF.cpp */ = {isa = PBXBuildFile; fileRef = 738D988698344EA1B34B3DA4 /* /Users/qitonghu/Desktop/udacity-term2/CarND-Extended-Kalman-Filter-Project/src/FusionEKF.cpp */; };
		FC66EAE0CA9444E9A3358224 /* /Users/qitonghu/Desktop/udacity-term2/CarND-Extended-Kalman-Filter-Project/CMakeLists.txt */ = {isa = PBXBuildFile; fileRef = B65417703EB1418DB1E6EE91 /* /Users/qitonghu/Desktop/udacity-term2/CarND-Extended-Kalman-Filter-Project/CMakeLists.txt */; };
/* End PBXBuildFile section */

/* Begin PBXBuildStyle section */
		684DF42E64444F908ADF5320 /* Release */ = {
			isa = PBXBuildStyle;
			buildSettings = {
				COPY_PHASE_STRIP = NO;
			};
			name = Release;
		};
		78DB3A8C45BE453A84E17819 /* RelWithDebInfo */ = {
			isa = PBXBuildStyle;
			buildSettings = {
				COPY_PHASE_STRIP = NO;
			};
			name = RelWithDebInfo;
		};
		CF066331D7E14424AD241470 /* Debug */ = {
			isa = PBXBuildStyle;
			buildSettings = {
				COPY_PHASE_STRIP = NO;
			};
			name = Debug;
		};
		DAFDB0022C99472D90BCFE5C = {
			isa = PBXBuildStyle;
		};
		E336F13F0626423EAF8B169C /* MinSizeRel */ = {
			isa = PBXBuildStyle;
			buildSettings = {
				COPY_PHASE_STRIP = NO;
			};
			name = MinSizeRel;
		};
/* End PBXBuildStyle section */

/* Begin PBXContainerItemProxy section */
		3463D370F4CD45688DCCF783 /* PBXContainerItemProxy */ = {
			isa = PBXContainerItemProxy;
			containerPortal = FA2B427F078B41129DBCF9C1 /* Project object */;
			proxyType = 1;
			remoteGlobalIDString = 4BFF74B31D9B4BC28155F5BD;
			remoteInfo = ZERO_CHECK;
		};
		439DE7B906FB4B5DBC23D177 /* PBXContainerItemProxy */ = {
			isa = PBXContainerItemProxy;
			containerPortal = FA2B427F078B41129DBCF9C1 /* Project object */;
			proxyType = 1;
			remoteGlobalIDString = 4BFF74B31D9B4BC28155F5BD;
			remoteInfo = ZERO_CHECK;
		};
		8187EC5D4E21454E9BD836C0 /* PBXContainerItemProxy */ = {
			isa = PBXContainerItemProxy;
			containerPortal = FA2B427F078B41129DBCF9C1 /* Project object */;
			proxyType = 1;
			remoteGlobalIDString = C9964AA4894144D491BE02F7;
			remoteInfo = ExtendedKF;
		};
/* End PBXContainerItemProxy section */

/* Begin PBXFileReference section */
		18DBFE3EDC964EB28A850BCC /* /Users/qitonghu/Desktop/udacity-term2/CarND-Extended-Kalman-Filter-Project/src/main.cpp */ = {isa = PBXFileReference; explicitFileType = sourcecode.cpp.cpp; fileEncoding = 4; name = main.cpp; path = src/main.cpp; sourceTree = SOURCE_ROOT; };
		738D988698344EA1B34B3DA4 /* /Users/qitonghu/Desktop/udacity-term2/CarND-Extended-Kalman-Filter-Project/src/FusionEKF.cpp */ = {isa = PBXFileReference; explicitFileType = sourcecode.cpp.cpp; fileEncoding = 4; name = FusionEKF.cpp; path = src/FusionEKF.cpp; sourceTree = SOURCE_ROOT; };
		763BDE71D65C4509AEA81C40 /* /Users/qitonghu/Desktop/udacity-term2/CarND-Extended-Kalman-Filter-Project/CMakeLists.txt */ = {isa = PBXFileReference; explicitFileType = sourcecode.text; fileEncoding = 4; name = CMakeLists.txt; path = CMakeLists.txt; sourceTree = SOURCE_ROOT; };
		B65417703EB1418DB1E6EE91 /* /Users/qitonghu/Desktop/udacity-term2/CarND-Extended-Kalman-Filter-Project/CMakeLists.txt */ = {isa = PBXFileReference; explicitFileType = sourcecode.text; fileEncoding = 4; name = CMakeLists.txt; path = CMakeLists.txt; sourceTree = SOURCE_ROOT; };
		C0E2180F8AE8460EA3342E0E /* /Users/qitonghu/Desktop/udacity-term2/CarND-Extended-Kalman-Filter-Project/CMakeLists.txt */ = {isa = PBXFileReference; explicitFileType = sourcecode.text; fileEncoding = 4; name = CMakeLists.txt; path = CMakeLists.txt; sourceTree = SOURCE_ROOT; };
		C268F25B913344E38555DA96 /* /Users/qitonghu/Desktop/udacity-term2/CarND-Extended-Kalman-Filter-Project/src/kalman_filter.cpp */ = {isa = PBXFileReference; explicitFileType = sourcecode.cpp.cpp; fileEncoding = 4; name = kalman_filter.cpp; path = src/kalman_filter.cpp; sourceTree = SOURCE_ROOT; };
		E493C3718A6E4F6C8285ABA7 /* /Users/qitonghu/Desktop/udacity-term2/CarND-Extended-Kalman-Filter-Project/src/tools.cpp */ = {isa = PBXFileReference; explicitFileType = sourcecode.cpp.cpp; fileEncoding = 4; name = tools.cpp; path = src/tools.cpp; sourceTree = SOURCE_ROOT; };
		EA2C79F1D12C46C59C3B3F23 /* ExtendedKF */ = {isa = PBXFileReference; explicitFileType = "compiled.mach-o.executable"; path = ExtendedKF; sourceTree = BUILT_PRODUCTS_DIR; };
/* End PBXFileReference section */

/* Begin PBXGroup section */
		06231BD0CA2E47588DBA8D78 /* Source Files */ = {
			isa = PBXGroup;
			children = (
				738D988698344EA1B34B3DA4 /* /Users/qitonghu/Desktop/udacity-term2/CarND-Extended-Kalman-Filter-Project/src/FusionEKF.cpp */,
				C268F25B913344E38555DA96 /* /Users/qitonghu/Desktop/udacity-term2/CarND-Extended-Kalman-Filter-Project/src/kalman_filter.cpp */,
				18DBFE3EDC964EB28A850BCC /* /Users/qitonghu/Desktop/udacity-term2/CarND-Extended-Kalman-Filter-Project/src/main.cpp */,
				E493C3718A6E4F6C8285ABA7 /* /Users/qitonghu/Desktop/udacity-term2/CarND-Extended-Kalman-Filter-Project/src/tools.cpp */,
			);
			name = "Source Files";
			sourceTree = "<group>";
		};
		1064E40E3FB44900A97D8ED8 /* ExtendedKF */ = {
			isa = PBXGroup;
			children = (
				06231BD0CA2E47588DBA8D78 /* Source Files */,
				B65417703EB1418DB1E6EE91 /* /Users/qitonghu/Desktop/udacity-term2/CarND-Extended-Kalman-Filter-Project/CMakeLists.txt */,
			);
			name = ExtendedKF;
			sourceTree = "<group>";
		};
		3357B0415C0042FAB45157C9 /* ALL_BUILD */ = {
			isa = PBXGroup;
			children = (
				551F8E884A7D4B56897218FC /* CMake Rules */,
				C0E2180F8AE8460EA3342E0E /* /Users/qitonghu/Desktop/udacity-term2/CarND-Extended-Kalman-Filter-Project/CMakeLists.txt */,
			);
			name = ALL_BUILD;
			sourceTree = "<group>";
		};
		4483A07E9E51431795BCDCBA /* ZERO_CHECK */ = {
			isa = PBXGroup;
			children = (
				C0A18DCCFD9348CEAE88130B /* CMake Rules */,
				763BDE71D65C4509AEA81C40 /* /Users/qitonghu/Desktop/udacity-term2/CarND-Extended-Kalman-Filter-Project/CMakeLists.txt */,
			);
			name = ZERO_CHECK;
			sourceTree = "<group>";
		};
		551F8E884A7D4B56897218FC /* CMake Rules */ = {
			isa = PBXGroup;
			children = (
			);
			name = "CMake Rules";
			sourceTree = "<group>";
		};
		8CB66EA169324F7AA3F02A16 /* Products */ = {
			isa = PBXGroup;
			children = (
				EA2C79F1D12C46C59C3B3F23 /* ExtendedKF */,
			);
			name = Products;
			sourceTree = "<group>";
		};
		C0A18DCCFD9348CEAE88130B /* CMake Rules */ = {
			isa = PBXGroup;
			children = (
			);
			name = "CMake Rules";
			sourceTree = "<group>";
		};
		C2CFEDC4187F4945BF5F4BFC /* Sources */ = {
			isa = PBXGroup;
			children = (
				1064E40E3FB44900A97D8ED8 /* ExtendedKF */,
				3357B0415C0042FAB45157C9 /* ALL_BUILD */,
				4483A07E9E51431795BCDCBA /* ZERO_CHECK */,
			);
			name = Sources;
			sourceTree = "<group>";
		};
		C793F7A487744BA2A97A6231 = {
			isa = PBXGroup;
			children = (
				C2CFEDC4187F4945BF5F4BFC /* Sources */,
				CD8E115E55184BD3866B0572 /* Resources */,
				8CB66EA169324F7AA3F02A16 /* Products */,
			);
			sourceTree = "<group>";
		};
		CD8E115E55184BD3866B0572 /* Resources */ = {
			isa = PBXGroup;
			children = (
			);
			name = Resources;
			sourceTree = "<group>";
		};
/* End PBXGroup section */

/* Begin PBXNativeTarget section */
		C9964AA4894144D491BE02F7 /* ExtendedKF */ = {
			isa = PBXNativeTarget;
			buildConfigurationList = 6DB9174BE64C4743AC8D6229 /* Build configuration list for PBXNativeTarget "ExtendedKF" */;
			buildPhases = (
				B78BFF59DF2E4A1780DBF0E4 /* Sources */,
			);
			buildRules = (
			);
			dependencies = (
				934369734EC94D8A8E9568BE /* PBXTargetDependency */,
			);
			name = ExtendedKF;
			productName = ExtendedKF;
			productReference = EA2C79F1D12C46C59C3B3F23 /* ExtendedKF */;
			productType = "com.apple.product-type.tool";
		};
/* End PBXNativeTarget section */

/* Begin PBXProject section */
		FA2B427F078B41129DBCF9C1 /* Project object */ = {
			isa = PBXProject;
			attributes = {
				BuildIndependentTargetsInParallel = YES;
				LastUpgradeCheck = 0830;
			};
			buildConfigurationList = 36650BD06C1041618FBF5946 /* Build configuration list for PBXProject "ExtendedKF" */;
			buildSettings = {
			};
			buildStyles = (
				CF066331D7E14424AD241470 /* Debug */,
				684DF42E64444F908ADF5320 /* Release */,
				E336F13F0626423EAF8B169C /* MinSizeRel */,
				78DB3A8C45BE453A84E17819 /* RelWithDebInfo */,
			);
			compatibilityVersion = "Xcode 3.2";
			hasScannedForEncodings = 0;
			mainGroup = C793F7A487744BA2A97A6231;
			projectDirPath = ../../;
			projectRoot = "";
			targets = (
				61EA45374E48475298EFCB0B /* ALL_BUILD */,
				C9964AA4894144D491BE02F7 /* ExtendedKF */,
				4BFF74B31D9B4BC28155F5BD /* ZERO_CHECK */,
			);
		};
/* End PBXProject section */

/* Begin PBXShellScriptBuildPhase section */
		2598F8AD9CA84C41B0991AEE = {
			isa = PBXShellScriptBuildPhase;
			buildActionMask = 2147483647;
			files = (
			);
			inputPaths = (
			);
			outputPaths = (
			);
			runOnlyForDeploymentPostprocessing = 0;
			shellPath = /bin/sh;
			shellScript = "# shell script goes here
exit 0";
			showEnvVarsInLog = 0;
		};
		6CFF1924921442149EE7843E /* CMake Rules */ = {
			isa = PBXShellScriptBuildPhase;
			buildActionMask = 2147483647;
			files = (
			);
			name = "CMake Rules";
			runOnlyForDeploymentPostprocessing = 0;
			shellPath = /bin/sh;
			shellScript = "make -C /Users/qitonghu/Desktop/udacity-term2/CarND-Extended-Kalman-Filter-Project/ide_profiles/xcode -f /Users/qitonghu/Desktop/udacity-term2/CarND-Extended-Kalman-Filter-Project/ide_profiles/xcode/CMakeScripts/ZERO_CHECK_cmakeRulesBuildPhase.make$CONFIGURATION all";
			showEnvVarsInLog = 0;
		};
		B7207BE25E8846A897A927E0 /* CMake Rules */ = {
			isa = PBXShellScriptBuildPhase;
			buildActionMask = 2147483647;
			files = (
			);
			name = "CMake Rules";
			runOnlyForDeploymentPostprocessing = 0;
			shellPath = /bin/sh;
			shellScript = "make -C /Users/qitonghu/Desktop/udacity-term2/CarND-Extended-Kalman-Filter-Project/ide_profiles/xcode -f /Users/qitonghu/Desktop/udacity-term2/CarND-Extended-Kalman-Filter-Project/ide_profiles/xcode/CMakeScripts/ALL_BUILD_cmakeRulesBuildPhase.make$CONFIGURATION all";
			showEnvVarsInLog = 0;
		};
		FF0EBEA233D945189A493DF9 = {
			isa = PBXShellScriptBuildPhase;
			buildActionMask = 2147483647;
			files = (
			);
			inputPaths = (
			);
			outputPaths = (
			);
			runOnlyForDeploymentPostprocessing = 0;
			shellPath = /bin/sh;
			shellScript = "# shell script goes here
exit 0";
			showEnvVarsInLog = 0;
		};
/* End PBXShellScriptBuildPhase section */

/* Begin PBXSourcesBuildPhase section */
		B78BFF59DF2E4A1780DBF0E4 /* Sources */ = {
			isa = PBXSourcesBuildPhase;
			buildActionMask = 2147483647;
			files = (
				A1C8623D5F6B4C109419BB72 /* /Users/qitonghu/Desktop/udacity-term2/CarND-Extended-Kalman-Filter-Project/src/FusionEKF.cpp */,
				6B315D5393D8486AA48DC1CC /* /Users/qitonghu/Desktop/udacity-term2/CarND-Extended-Kalman-Filter-Project/src/kalman_filter.cpp */,
				3E973360519E4868980453A2 /* /Users/qitonghu/Desktop/udacity-term2/CarND-Extended-Kalman-Filter-Project/src/main.cpp */,
				0446BC8CBBED4D35A4DA028C /* /Users/qitonghu/Desktop/udacity-term2/CarND-Extended-Kalman-Filter-Project/src/tools.cpp */,
			);
			runOnlyForDeploymentPostprocessing = 0;
		};
/* End PBXSourcesBuildPhase section */

/* Begin PBXTargetDependency section */
		177326C0C31B45EF8698C79E /* PBXTargetDependency */ = {
			isa = PBXTargetDependency;
			target = C9964AA4894144D491BE02F7 /* ExtendedKF */;
			targetProxy = 8187EC5D4E21454E9BD836C0 /* PBXContainerItemProxy */;
		};
		934369734EC94D8A8E9568BE /* PBXTargetDependency */ = {
			isa = PBXTargetDependency;
			target = 4BFF74B31D9B4BC28155F5BD /* ZERO_CHECK */;
			targetProxy = 3463D370F4CD45688DCCF783 /* PBXContainerItemProxy */;
		};
		ABD399E428874058A5EDD652 /* PBXTargetDependency */ = {
			isa = PBXTargetDependency;
			target = 4BFF74B31D9B4BC28155F5BD /* ZERO_CHECK */;
			targetProxy = 439DE7B906FB4B5DBC23D177 /* PBXContainerItemProxy */;
		};
/* End PBXTargetDependency section */

/* Begin XCBuildConfiguration section */
		07BBA338469C40AB9BB59119 /* RelWithDebInfo */ = {
			isa = XCBuildConfiguration;
			buildSettings = {
				ONLY_ACTIVE_ARCH = YES;
				SDKROOT = /Applications/Xcode.app/Contents/Developer/Platforms/MacOSX.platform/Developer/SDKs/MacOSX10.12.sdk;
				SYMROOT = "/Users/qitonghu/Desktop/udacity-term2/CarND-Extended-Kalman-Filter-Project/ide_profiles/xcode/build";
			};
			name = RelWithDebInfo;
		};
		09765D60B68F44A28091B774 /* Release */ = {
			isa = XCBuildConfiguration;
			buildSettings = {
				COMBINE_HIDPI_IMAGES = YES;
				GCC_GENERATE_DEBUGGING_SYMBOLS = YES;
				GCC_INLINES_ARE_PRIVATE_EXTERN = NO;
				GCC_OPTIMIZATION_LEVEL = 0;
				GCC_PREPROCESSOR_DEFINITIONS = ("'CMAKE_INTDIR=\"$(CONFIGURATION)$(EFFECTIVE_PLATFORM_NAME)\"'");
				GCC_SYMBOLS_PRIVATE_EXTERN = NO;
				INSTALL_PATH = "";
				OTHER_LDFLAGS = " ";
				OTHER_REZFLAGS = "";
				PRODUCT_NAME = ZERO_CHECK;
				SECTORDER_FLAGS = "";
				SYMROOT = "/Users/qitonghu/Desktop/udacity-term2/CarND-Extended-Kalman-Filter-Project/ide_profiles/xcode";
				USE_HEADERMAP = NO;
				WARNING_CFLAGS = ("-Wmost","-Wno-four-char-constants","-Wno-unknown-pragmas","$(inherited)");
			};
			name = Release;
		};
		121AFEDCD90947E0B27E50A7 /* RelWithDebInfo */ = {
			isa = XCBuildConfiguration;
			buildSettings = {
				COMBINE_HIDPI_IMAGES = YES;
				GCC_GENERATE_DEBUGGING_SYMBOLS = YES;
				GCC_INLINES_ARE_PRIVATE_EXTERN = NO;
				GCC_OPTIMIZATION_LEVEL = 0;
				GCC_PREPROCESSOR_DEFINITIONS = ("'CMAKE_INTDIR=\"$(CONFIGURATION)$(EFFECTIVE_PLATFORM_NAME)\"'");
				GCC_SYMBOLS_PRIVATE_EXTERN = NO;
				INSTALL_PATH = "";
				OTHER_LDFLAGS = " ";
				OTHER_REZFLAGS = "";
				PRODUCT_NAME = ALL_BUILD;
				SECTORDER_FLAGS = "";
				SYMROOT = "/Users/qitonghu/Desktop/udacity-term2/CarND-Extended-Kalman-Filter-Project/ide_profiles/xcode";
				USE_HEADERMAP = NO;
				WARNING_CFLAGS = ("-Wmost","-Wno-four-char-constants","-Wno-unknown-pragmas","$(inherited)");
			};
			name = RelWithDebInfo;
		};
		195B7C2C36FE43A7804EFEBA /* Release */ = {
			isa = XCBuildConfiguration;
			buildSettings = {
				COMBINE_HIDPI_IMAGES = YES;
				EXECUTABLE_PREFIX = "";
				EXECUTABLE_SUFFIX = "";
				GCC_GENERATE_DEBUGGING_SYMBOLS = NO;
				GCC_INLINES_ARE_PRIVATE_EXTERN = NO;
				GCC_OPTIMIZATION_LEVEL = 3;
				GCC_PREPROCESSOR_DEFINITIONS = ("'CMAKE_INTDIR=\"$(CONFIGURATION)$(EFFECTIVE_PLATFORM_NAME)\"'");
				GCC_SYMBOLS_PRIVATE_EXTERN = NO;
				INSTALL_PATH = "";
				LIBRARY_SEARCH_PATHS = "";
				OTHER_CPLUSPLUSFLAGS = "    -DNDEBUG   -std=c++0x";
				OTHER_LDFLAGS = " -Wl,-search_paths_first -Wl,-headerpad_max_install_names  ";
				OTHER_REZFLAGS = "";
				PRODUCT_NAME = ExtendedKF;
				SECTORDER_FLAGS = "";
				SYMROOT = "/Users/qitonghu/Desktop/udacity-term2/CarND-Extended-Kalman-Filter-Project/ide_profiles/xcode";
				USE_HEADERMAP = NO;
				WARNING_CFLAGS = ("-Wmost","-Wno-four-char-constants","-Wno-unknown-pragmas","$(inherited)");
			};
			name = Release;
		};
		227D16A4A8154B82970D00E0 /* Release */ = {
			isa = XCBuildConfiguration;
			buildSettings = {
				ONLY_ACTIVE_ARCH = YES;
				SDKROOT = /Applications/Xcode.app/Contents/Developer/Platforms/MacOSX.platform/Developer/SDKs/MacOSX10.12.sdk;
				SYMROOT = "/Users/qitonghu/Desktop/udacity-term2/CarND-Extended-Kalman-Filter-Project/ide_profiles/xcode/build";
			};
			name = Release;
		};
		28845515BE46444287F8BF6E /* MinSizeRel */ = {
			isa = XCBuildConfiguration;
			buildSettings = {
				COMBINE_HIDPI_IMAGES = YES;
				GCC_GENERATE_DEBUGGING_SYMBOLS = YES;
				GCC_INLINES_ARE_PRIVATE_EXTERN = NO;
				GCC_OPTIMIZATION_LEVEL = 0;
				GCC_PREPROCESSOR_DEFINITIONS = ("'CMAKE_INTDIR=\"$(CONFIGURATION)$(EFFECTIVE_PLATFORM_NAME)\"'");
				GCC_SYMBOLS_PRIVATE_EXTERN = NO;
				INSTALL_PATH = "";
				OTHER_LDFLAGS = " ";
				OTHER_REZFLAGS = "";
				PRODUCT_NAME = ALL_BUILD;
				SECTORDER_FLAGS = "";
				SYMROOT = "/Users/qitonghu/Desktop/udacity-term2/CarND-Extended-Kalman-Filter-Project/ide_profiles/xcode";
				USE_HEADERMAP = NO;
				WARNING_CFLAGS = ("-Wmost","-Wno-four-char-constants","-Wno-unknown-pragmas","$(inherited)");
			};
			name = MinSizeRel;
		};
		3DE9BAAE83724B7CA59A6FB3 /* Debug */ = {
			isa = XCBuildConfiguration;
			buildSettings = {
				ONLY_ACTIVE_ARCH = YES;
				SDKROOT = /Applications/Xcode.app/Contents/Developer/Platforms/MacOSX.platform/Developer/SDKs/MacOSX10.12.sdk;
				SYMROOT = "/Users/qitonghu/Desktop/udacity-term2/CarND-Extended-Kalman-Filter-Project/ide_profiles/xcode/build";
			};
			name = Debug;
		};
		3FFF73847DF647A1BBB1C74F /* Debug */ = {
			isa = XCBuildConfiguration;
			buildSettings = {
				COMBINE_HIDPI_IMAGES = YES;
				GCC_GENERATE_DEBUGGING_SYMBOLS = YES;
				GCC_INLINES_ARE_PRIVATE_EXTERN = NO;
				GCC_OPTIMIZATION_LEVEL = 0;
				GCC_PREPROCESSOR_DEFINITIONS = ("'CMAKE_INTDIR=\"$(CONFIGURATION)$(EFFECTIVE_PLATFORM_NAME)\"'");
				GCC_SYMBOLS_PRIVATE_EXTERN = NO;
				INSTALL_PATH = "";
				OTHER_LDFLAGS = " ";
				OTHER_REZFLAGS = "";
				PRODUCT_NAME = ALL_BUILD;
				SECTORDER_FLAGS = "";
				SYMROOT = "/Users/qitonghu/Desktop/udacity-term2/CarND-Extended-Kalman-Filter-Project/ide_profiles/xcode";
				USE_HEADERMAP = NO;
				WARNING_CFLAGS = ("-Wmost","-Wno-four-char-constants","-Wno-unknown-pragmas","$(inherited)");
			};
			name = Debug;
		};
		4EF3A8BD52354E80BE6193EF /* MinSizeRel */ = {
			isa = XCBuildConfiguration;
			buildSettings = {
				ONLY_ACTIVE_ARCH = YES;
				SDKROOT = /Applications/Xcode.app/Contents/Developer/Platforms/MacOSX.platform/Developer/SDKs/MacOSX10.12.sdk;
				SYMROOT = "/Users/qitonghu/Desktop/udacity-term2/CarND-Extended-Kalman-Filter-Project/ide_profiles/xcode/build";
			};
			name = MinSizeRel;
		};
		69A1D6051A7D435781A31D39 /* Debug */ = {
			isa = XCBuildConfiguration;
			buildSettings = {
				COMBINE_HIDPI_IMAGES = YES;
				GCC_GENERATE_DEBUGGING_SYMBOLS = YES;
				GCC_INLINES_ARE_PRIVATE_EXTERN = NO;
				GCC_OPTIMIZATION_LEVEL = 0;
				GCC_PREPROCESSOR_DEFINITIONS = ("'CMAKE_INTDIR=\"$(CONFIGURATION)$(EFFECTIVE_PLATFORM_NAME)\"'");
				GCC_SYMBOLS_PRIVATE_EXTERN = NO;
				INSTALL_PATH = "";
				OTHER_LDFLAGS = " ";
				OTHER_REZFLAGS = "";
				PRODUCT_NAME = ZERO_CHECK;
				SECTORDER_FLAGS = "";
				SYMROOT = "/Users/qitonghu/Desktop/udacity-term2/CarND-Extended-Kalman-Filter-Project/ide_profiles/xcode";
				USE_HEADERMAP = NO;
				WARNING_CFLAGS = ("-Wmost","-Wno-four-char-constants","-Wno-unknown-pragmas","$(inherited)");
			};
			name = Debug;
		};
		6AF5A583E39F470B9ABD1E73 /* MinSizeRel */ = {
			isa = XCBuildConfiguration;
			buildSettings = {
				COMBINE_HIDPI_IMAGES = YES;
				GCC_GENERATE_DEBUGGING_SYMBOLS = YES;
				GCC_INLINES_ARE_PRIVATE_EXTERN = NO;
				GCC_OPTIMIZATION_LEVEL = 0;
				GCC_PREPROCESSOR_DEFINITIONS = ("'CMAKE_INTDIR=\"$(CONFIGURATION)$(EFFECTIVE_PLATFORM_NAME)\"'");
				GCC_SYMBOLS_PRIVATE_EXTERN = NO;
				INSTALL_PATH = "";
				OTHER_LDFLAGS = " ";
				OTHER_REZFLAGS = "";
				PRODUCT_NAME = ZERO_CHECK;
				SECTORDER_FLAGS = "";
				SYMROOT = "/Users/qitonghu/Desktop/udacity-term2/CarND-Extended-Kalman-Filter-Project/ide_profiles/xcode";
				USE_HEADERMAP = NO;
				WARNING_CFLAGS = ("-Wmost","-Wno-four-char-constants","-Wno-unknown-pragmas","$(inherited)");
			};
			name = MinSizeRel;
		};
		74F3D4A913AC42B0939C25C7 /* Release */ = {
			isa = XCBuildConfiguration;
			buildSettings = {
				COMBINE_HIDPI_IMAGES = YES;
				GCC_GENERATE_DEBUGGING_SYMBOLS = YES;
				GCC_INLINES_ARE_PRIVATE_EXTERN = NO;
				GCC_OPTIMIZATION_LEVEL = 0;
				GCC_PREPROCESSOR_DEFINITIONS = ("'CMAKE_INTDIR=\"$(CONFIGURATION)$(EFFECTIVE_PLATFORM_NAME)\"'");
				GCC_SYMBOLS_PRIVATE_EXTERN = NO;
				INSTALL_PATH = "";
				OTHER_LDFLAGS = " ";
				OTHER_REZFLAGS = "";
				PRODUCT_NAME = ALL_BUILD;
				SECTORDER_FLAGS = "";
				SYMROOT = "/Users/qitonghu/Desktop/udacity-term2/CarND-Extended-Kalman-Filter-Project/ide_profiles/xcode";
				USE_HEADERMAP = NO;
				WARNING_CFLAGS = ("-Wmost","-Wno-four-char-constants","-Wno-unknown-pragmas","$(inherited)");
			};
			name = Release;
		};
		8F2E74398E7E44B7AD902649 /* Debug */ = {
			isa = XCBuildConfiguration;
			buildSettings = {
				COMBINE_HIDPI_IMAGES = YES;
				EXECUTABLE_PREFIX = "";
				EXECUTABLE_SUFFIX = "";
				GCC_GENERATE_DEBUGGING_SYMBOLS = YES;
				GCC_INLINES_ARE_PRIVATE_EXTERN = NO;
				GCC_OPTIMIZATION_LEVEL = 0;
				GCC_PREPROCESSOR_DEFINITIONS = ("'CMAKE_INTDIR=\"$(CONFIGURATION)$(EFFECTIVE_PLATFORM_NAME)\"'");
				GCC_SYMBOLS_PRIVATE_EXTERN = NO;
				INSTALL_PATH = "";
				LIBRARY_SEARCH_PATHS = "";
				OTHER_CPLUSPLUSFLAGS = "     -std=c++0x";
				OTHER_LDFLAGS = " -Wl,-search_paths_first -Wl,-headerpad_max_install_names  ";
				OTHER_REZFLAGS = "";
				PRODUCT_NAME = ExtendedKF;
				SECTORDER_FLAGS = "";
				SYMROOT = "/Users/qitonghu/Desktop/udacity-term2/CarND-Extended-Kalman-Filter-Project/ide_profiles/xcode";
				USE_HEADERMAP = NO;
				WARNING_CFLAGS = ("-Wmost","-Wno-four-char-constants","-Wno-unknown-pragmas","$(inherited)");
			};
			name = Debug;
		};
		9952A3EF4B064DD2999109B5 /* RelWithDebInfo */ = {
			isa = XCBuildConfiguration;
			buildSettings = {
				COMBINE_HIDPI_IMAGES = YES;
				GCC_GENERATE_DEBUGGING_SYMBOLS = YES;
				GCC_INLINES_ARE_PRIVATE_EXTERN = NO;
				GCC_OPTIMIZATION_LEVEL = 0;
				GCC_PREPROCESSOR_DEFINITIONS = ("'CMAKE_INTDIR=\"$(CONFIGURATION)$(EFFECTIVE_PLATFORM_NAME)\"'");
				GCC_SYMBOLS_PRIVATE_EXTERN = NO;
				INSTALL_PATH = "";
				OTHER_LDFLAGS = " ";
				OTHER_REZFLAGS = "";
				PRODUCT_NAME = ZERO_CHECK;
				SECTORDER_FLAGS = "";
				SYMROOT = "/Users/qitonghu/Desktop/udacity-term2/CarND-Extended-Kalman-Filter-Project/ide_profiles/xcode";
				USE_HEADERMAP = NO;
				WARNING_CFLAGS = ("-Wmost","-Wno-four-char-constants","-Wno-unknown-pragmas","$(inherited)");
			};
			name = RelWithDebInfo;
		};
		E2DC9C3D261E45D88F64E58C /* RelWithDebInfo */ = {
			isa = XCBuildConfiguration;
			buildSettings = {
				COMBINE_HIDPI_IMAGES = YES;
				EXECUTABLE_PREFIX = "";
				EXECUTABLE_SUFFIX = "";
				GCC_GENERATE_DEBUGGING_SYMBOLS = YES;
				GCC_INLINES_ARE_PRIVATE_EXTERN = NO;
				GCC_OPTIMIZATION_LEVEL = 2;
				GCC_PREPROCESSOR_DEFINITIONS = ("'CMAKE_INTDIR=\"$(CONFIGURATION)$(EFFECTIVE_PLATFORM_NAME)\"'");
				GCC_SYMBOLS_PRIVATE_EXTERN = NO;
				INSTALL_PATH = "";
				LIBRARY_SEARCH_PATHS = "";
				OTHER_CPLUSPLUSFLAGS = "       -DNDEBUG   -std=c++0x";
				OTHER_LDFLAGS = " -Wl,-search_paths_first -Wl,-headerpad_max_install_names  ";
				OTHER_REZFLAGS = "";
				PRODUCT_NAME = ExtendedKF;
				SECTORDER_FLAGS = "";
				SYMROOT = "/Users/qitonghu/Desktop/udacity-term2/CarND-Extended-Kalman-Filter-Project/ide_profiles/xcode";
				USE_HEADERMAP = NO;
				WARNING_CFLAGS = ("-Wmost","-Wno-four-char-constants","-Wno-unknown-pragmas","$(inherited)");
			};
			name = RelWithDebInfo;
		};
		EAA4152096224F79AD684EEC /* MinSizeRel */ = {
			isa = XCBuildConfiguration;
			buildSettings = {
				COMBINE_HIDPI_IMAGES = YES;
				EXECUTABLE_PREFIX = "";
				EXECUTABLE_SUFFIX = "";
				GCC_GENERATE_DEBUGGING_SYMBOLS = NO;
				GCC_INLINES_ARE_PRIVATE_EXTERN = NO;
				GCC_OPTIMIZATION_LEVEL = s;
				GCC_PREPROCESSOR_DEFINITIONS = ("'CMAKE_INTDIR=\"$(CONFIGURATION)$(EFFECTIVE_PLATFORM_NAME)\"'");
				GCC_SYMBOLS_PRIVATE_EXTERN = NO;
				INSTALL_PATH = "";
				LIBRARY_SEARCH_PATHS = "";
				OTHER_CPLUSPLUSFLAGS = "    -DNDEBUG   -std=c++0x";
				OTHER_LDFLAGS = " -Wl,-search_paths_first -Wl,-headerpad_max_install_names  ";
				OTHER_REZFLAGS = "";
				PRODUCT_NAME = ExtendedKF;
				SECTORDER_FLAGS = "";
				SYMROOT = "/Users/qitonghu/Desktop/udacity-term2/CarND-Extended-Kalman-Filter-Project/ide_profiles/xcode";
				USE_HEADERMAP = NO;
				WARNING_CFLAGS = ("-Wmost","-Wno-four-char-constants","-Wno-unknown-pragmas","$(inherited)");
			};
			name = MinSizeRel;
		};
/* End XCBuildConfiguration section */

/* Begin XCConfigurationList section */
		36650BD06C1041618FBF5946 /* Build configuration list for PBXProject "ExtendedKF" */ = {
			isa = XCConfigurationList;
			buildConfigurations = (
				3DE9BAAE83724B7CA59A6FB3 /* Debug */,
				227D16A4A8154B82970D00E0 /* Release */,
				4EF3A8BD52354E80BE6193EF /* MinSizeRel */,
				07BBA338469C40AB9BB59119 /* RelWithDebInfo */,
			);
			defaultConfigurationIsVisible = 0;
			defaultConfigurationName = Debug;
		};
		6DB9174BE64C4743AC8D6229 /* Build configuration list for PBXNativeTarget "ExtendedKF" */ = {
			isa = XCConfigurationList;
			buildConfigurations = (
				8F2E74398E7E44B7AD902649 /* Debug */,
				195B7C2C36FE43A7804EFEBA /* Release */,
				EAA4152096224F79AD684EEC /* MinSizeRel */,
				E2DC9C3D261E45D88F64E58C /* RelWithDebInfo */,
			);
			defaultConfigurationIsVisible = 0;
			defaultConfigurationName = Debug;
		};
		C652E9E43FE64C369B76262B /* Build configuration list for PBXAggregateTarget "ZERO_CHECK" */ = {
			isa = XCConfigurationList;
			buildConfigurations = (
				69A1D6051A7D435781A31D39 /* Debug */,
				09765D60B68F44A28091B774 /* Release */,
				6AF5A583E39F470B9ABD1E73 /* MinSizeRel */,
				9952A3EF4B064DD2999109B5 /* RelWithDebInfo */,
			);
			defaultConfigurationIsVisible = 0;
			defaultConfigurationName = Debug;
		};
		CDB9818033914E4A80F56DA7 /* Build configuration list for PBXAggregateTarget "ALL_BUILD" */ = {
			isa = XCConfigurationList;
			buildConfigurations = (
				3FFF73847DF647A1BBB1C74F /* Debug */,
				74F3D4A913AC42B0939C25C7 /* Release */,
				28845515BE46444287F8BF6E /* MinSizeRel */,
				121AFEDCD90947E0B27E50A7 /* RelWithDebInfo */,
			);
			defaultConfigurationIsVisible = 0;
			defaultConfigurationName = Debug;
		};
/* End XCConfigurationList section */
	};
	rootObject = FA2B427F078B41129DBCF9C1 /* Project object */;
}
